{
  "requires": true,
  "lockfileVersion": 1,
  "dependencies": {
    "platypus-palindrome": {
      "version": "0.1.1",
      "resolved": "https://registry.npmjs.org/platypus-palindrome/-/platypus-palindrome-0.1.1.tgz",
      "integrity": "sha512-E28m7A7QCMlTJd572YxnA/hL/zL6IzVCVeGVtYwnzopyIyCQH/vIYLWAOe7DhdZ8edz6YzKX6LsDqL/Mlkxm6Q=="
    }
  }
}
