{
  "requires": true,
  "lockfileVersion": 1,
  "dependencies": {
    "platypus-palindrome": {
      "version": "0.1.0",
      "resolved": "https://registry.npmjs.org/platypus-palindrome/-/platypus-palindrome-0.1.0.tgz",
      "integrity": "sha512-J49G/BeTC0DHDTI9lXb5dKeeierrwxaxPv8wTOjw/LMnUDBQOccA83lh4um0r8p0GtDqlgHva1TpIjWbXGnQdg=="
    }
  }
}
